
Microsoft Visual Studio Solution File, Format Version 12.00
# Visual Studio Version 17
VisualStudioVersion = 17.7.34031.279
MinimumVisualStudioVersion = 10.0.40219.1
Project("{8BC9CEB8-8B4A-11D0-8D11-00A0C91BC942}") = "BOJ_30030", "BOJ_30030\BOJ_30030.vcxproj", "{B3538CB6-FAFE-4897-BABA-A03FF0402B52}"
EndProject
Global
	GlobalSection(SolutionConfigurationPlatforms) = preSolution
		Debug|x64 = Debug|x64
		Release|x64 = Release|x64
	EndGlobalSection
	GlobalSection(ProjectConfigurationPlatforms) = postSolution
		{B3538CB6-FAFE-4897-BABA-A03FF0402B52}.Debug|x64.ActiveCfg = Debug|x64
		{B3538CB6-FAFE-4897-BABA-A03FF0402B52}.Debug|x64.Build.0 = Debug|x64
		{B3538CB6-FAFE-4897-BABA-A03FF0402B52}.Release|x64.ActiveCfg = Release|x64
		{B3538CB6-FAFE-4897-BABA-A03FF0402B52}.Release|x64.Build.0 = Release|x64
	EndGlobalSection
	GlobalSection(SolutionProperties) = preSolution
		HideSolutionNode = FALSE
	EndGlobalSection
	GlobalSection(ExtensibilityGlobals) = postSolution
		SolutionGuid = {C7CDFFF4-B617-4548-A61A-3BE82E15A267}
	EndGlobalSection
EndGlobal
